<?xml version="1.0" encoding="utf-8"?>
<Project ToolsVersion="4.0" xmlns="http://schemas.microsoft.com/developer/msbuild/2003">
  <ItemGroup>
    <Filter Include="Archivos de origen">
      <UniqueIdentifier>{4FC737F1-C7A5-4376-A066-2A32D752A2FF}</UniqueIdentifier>
      <Extensions>cpp;c;cc;cxx;c++;cppm;ixx;def;odl;idl;hpj;bat;asm;asmx</Extensions>
    </Filter>
    <Filter Include="Archivos de encabezado">
      <UniqueIdentifier>{93995380-89BD-4b04-88EB-625FBE52EBFB}</UniqueIdentifier>
      <Extensions>h;hh;hpp;hxx;h++;hm;inl;inc;ipp;xsd</Extensions>
    </Filter>
    <Filter Include="Archivos de recursos">
      <UniqueIdentifier>{67DA6AB6-F800-4c08-8B7A-83BB121AAD01}</UniqueIdentifier>
      <Extensions>rc;ico;cur;bmp;dlg;rc2;rct;bin;rgs;gif;jpg;jpeg;jpe;resx;tiff;tif;png;wav;mfcribbon-ms</Extensions>
    </Filter>
    <Filter Include="Archivos de origen\screens">
      <UniqueIdentifier>{e9a67b84-36d4-4b92-b7e4-13bbcc7b8fde}</UniqueIdentifier>
    </Filter>
    <Filter Include="Archivos de encabezado\screens">
      <UniqueIdentifier>{68ce3c12-7d67-4705-ba83-7927729ec559}</UniqueIdentifier>
    </Filter>
    <Filter Include="Archivos de encabezado\constants">
      <UniqueIdentifier>{29ed4c6a-5b44-494c-9ef8-6d4d9570e417}</UniqueIdentifier>
    </Filter>
    <Filter Include="Archivos de origen\constants">
      <UniqueIdentifier>{313054b6-3dbf-4817-9a34-862eab2c9ad8}</UniqueIdentifier>
    </Filter>
    <Filter Include="Archivos de origen\utils">
      <UniqueIdentifier>{dc3ed029-a7b1-4c18-b506-0afcedefe9fd}</UniqueIdentifier>
    </Filter>
    <Filter Include="Archivos de encabezado\utils">
      <UniqueIdentifier>{d7a4e95a-4613-4e37-b4b4-60613145e8f4}</UniqueIdentifier>
    </Filter>
    <Filter Include="Archivos de encabezado\uiComponents">
      <UniqueIdentifier>{bd54134f-9f9b-4063-85ef-7e95f21c0838}</UniqueIdentifier>
    </Filter>
    <Filter Include="Archivos de origen\uiComponents">
      <UniqueIdentifier>{ff75f2cb-e1b8-4565-9c50-d677d16af709}</UniqueIdentifier>
    </Filter>
    <Filter Include="Archivos de encabezado\assets">
      <UniqueIdentifier>{d67135f3-b15f-4842-95b3-1233c35081c3}</UniqueIdentifier>
    </Filter>
    <Filter Include="Archivos de origen\assets">
      <UniqueIdentifier>{ca6bdf7b-4895-40eb-8fa0-c0a53595e72c}</UniqueIdentifier>
    </Filter>
    <Filter Include="Archivos de origen\entities">
      <UniqueIdentifier>{a78e1db8-0e64-496c-b809-c92a5994845d}</UniqueIdentifier>
    </Filter>
    <Filter Include="Archivos de encabezado\entities">
      <UniqueIdentifier>{df2c5557-3c10-44a6-a124-3c2ee24b98a3}</UniqueIdentifier>
    </Filter>
  </ItemGroup>
  <ItemGroup>
    <ClCompile Include="src\main.cpp">
      <Filter>Archivos de origen</Filter>
    </ClCompile>
    <ClCompile Include="src\game.cpp">
      <Filter>Archivos de origen</Filter>
    </ClCompile>
    <ClCompile Include="src\screens\menu.cpp">
      <Filter>Archivos de origen\screens</Filter>
    </ClCompile>
    <ClCompile Include="src\constants\dimensions.cpp">
      <Filter>Archivos de origen\constants</Filter>
    </ClCompile>
    <ClCompile Include="src\utils\math.cpp">
      <Filter>Archivos de origen\utils</Filter>
    </ClCompile>
    <ClCompile Include="src\uiComponents\button.cpp">
      <Filter>Archivos de origen\uiComponents</Filter>
    </ClCompile>
    <ClCompile Include="src\screens\screenManager.cpp">
      <Filter>Archivos de origen\screens</Filter>
    </ClCompile>
    <ClCompile Include="src\assets\assetManager.cpp">
      <Filter>Archivos de origen\assets</Filter>
    </ClCompile>
    <ClCompile Include="src\screens\gameplay.cpp">
      <Filter>Archivos de origen\screens</Filter>
    </ClCompile>
    <ClCompile Include="src\entities\spaceship.cpp">
      <Filter>Archivos de origen\entities</Filter>
    </ClCompile>
  </ItemGroup>
  <ItemGroup>
    <ClInclude Include="src\game.h">
      <Filter>Archivos de encabezado</Filter>
    </ClInclude>
    <ClInclude Include="src\screens\menu.h">
      <Filter>Archivos de encabezado\screens</Filter>
    </ClInclude>
    <ClInclude Include="src\constants\dimensions.h">
      <Filter>Archivos de encabezado\constants</Filter>
    </ClInclude>
    <ClInclude Include="src\utils\math.h">
      <Filter>Archivos de encabezado\utils</Filter>
    </ClInclude>
    <ClInclude Include="src\constants\colors.h">
      <Filter>Archivos de encabezado\constants</Filter>
    </ClInclude>
    <ClInclude Include="src\uiComponents\button.h">
      <Filter>Archivos de encabezado\uiComponents</Filter>
    </ClInclude>
    <ClInclude Include="src\screens\screenManager.h">
      <Filter>Archivos de encabezado\screens</Filter>
    </ClInclude>
    <ClInclude Include="src\assets\assetManager.h">
      <Filter>Archivos de encabezado\assets</Filter>
    </ClInclude>
    <ClInclude Include="src\screens\gameplay.h">
      <Filter>Archivos de encabezado\screens</Filter>
    </ClInclude>
    <ClInclude Include="src\entities\spaceship.h">
      <Filter>Archivos de encabezado\entities</Filter>
    </ClInclude>
  </ItemGroup>
</Project>